
Microsoft Visual Studio Solution File, Format Version 12.00
Project("{FAE04EC0-301F-11D3-BF4B-00C04F79EFBC}") = "Comet.Handler", "Comet.Handler\Comet.Handler.csproj", "{166ED79B-AF94-477C-976F-EC50D99241F6}"
EndProject
Project("{2150E333-8FDC-42A3-9474-1A3956D46DE8}") = "Solution Items", "Solution Items", "{4F17BD32-5282-4902-9F12-85577F1B7461}"
	ProjectSection(SolutionItems) = preProject
		compose.yaml = compose.yaml
	EndProjectSection
EndProject
Project("{FAE04EC0-301F-11D3-BF4B-00C04F79EFBC}") = "Comet.API", "Comet.API\Comet.API.csproj", "{1E77983A-A3B9-43EF-BC85-1A71235FCA1C}"
EndProject
Global
	GlobalSection(SolutionConfigurationPlatforms) = preSolution
		Debug|Any CPU = Debug|Any CPU
		Release|Any CPU = Release|Any CPU
	EndGlobalSection
	GlobalSection(ProjectConfigurationPlatforms) = postSolution
		{166ED79B-AF94-477C-976F-EC50D99241F6}.Debug|Any CPU.ActiveCfg = Debug|Any CPU
		{166ED79B-AF94-477C-976F-EC50D99241F6}.Debug|Any CPU.Build.0 = Debug|Any CPU
		{166ED79B-AF94-477C-976F-EC50D99241F6}.Release|Any CPU.ActiveCfg = Release|Any CPU
		{166ED79B-AF94-477C-976F-EC50D99241F6}.Release|Any CPU.Build.0 = Release|Any CPU
		{1E77983A-A3B9-43EF-BC85-1A71235FCA1C}.Debug|Any CPU.ActiveCfg = Debug|Any CPU
		{1E77983A-A3B9-43EF-BC85-1A71235FCA1C}.Debug|Any CPU.Build.0 = Debug|Any CPU
		{1E77983A-A3B9-43EF-BC85-1A71235FCA1C}.Release|Any CPU.ActiveCfg = Release|Any CPU
		{1E77983A-A3B9-43EF-BC85-1A71235FCA1C}.Release|Any CPU.Build.0 = Release|Any CPU
	EndGlobalSection
EndGlobal
